
Microsoft Visual Studio Solution File, Format Version 12.00
# Visual Studio 14
VisualStudioVersion = 14.0.25420.1
MinimumVisualStudioVersion = 10.0.40219.1
Project("{FAE04EC0-301F-11D3-BF4B-00C04F79EFBC}") = "MicroLite.Extensions.WebApi", "MicroLite.Extensions.WebApi\MicroLite.Extensions.WebApi.csproj", "{48714FD3-E87A-4A49-B8FB-2644BD1C577B}"
EndProject
Project("{FAE04EC0-301F-11D3-BF4B-00C04F79EFBC}") = "MicroLite.Extensions.WebApi.Tests", "MicroLite.Extensions.WebApi.Tests\MicroLite.Extensions.WebApi.Tests.csproj", "{81CB1C81-A802-4E10-9424-BBAAEAE3A1F3}"
EndProject
Project("{FAE04EC0-301F-11D3-BF4B-00C04F79EFBC}") = "MicroLite.Extensions.WebApi.OData3", "MicroLite.Extensions.WebApi.OData3\MicroLite.Extensions.WebApi.OData3.csproj", "{05E061CC-54D7-4B30-B933-F8F54D18BA0B}"
EndProject
Project("{FAE04EC0-301F-11D3-BF4B-00C04F79EFBC}") = "MicroLite.Extensions.WebApi.OData3.Tests", "MicroLite.Extensions.WebApi.OData3.Tests\MicroLite.Extensions.WebApi.OData3.Tests.csproj", "{363AE9F6-4CCE-460A-8D86-6A958DDEECD1}"
EndProject
Project("{FAE04EC0-301F-11D3-BF4B-00C04F79EFBC}") = "MicroLite.Extensions.WebApi.OData4", "MicroLite.Extensions.WebApi.OData4\MicroLite.Extensions.WebApi.OData4.csproj", "{F8281CC1-9DA4-4FEC-A9A8-469C209C559C}"
EndProject
Project("{FAE04EC0-301F-11D3-BF4B-00C04F79EFBC}") = "MicroLite.Extensions.WebApi.OData4.Tests", "MicroLite.Extensions.WebApi.OData4.Tests\MicroLite.Extensions.WebApi.OData4.Tests.csproj", "{11A18A49-E46C-4C19-BCC1-C1BC513930C4}"
EndProject
Global
	GlobalSection(SolutionConfigurationPlatforms) = preSolution
		Debug|Any CPU = Debug|Any CPU
		Release|Any CPU = Release|Any CPU
	EndGlobalSection
	GlobalSection(ProjectConfigurationPlatforms) = postSolution
		{48714FD3-E87A-4A49-B8FB-2644BD1C577B}.Debug|Any CPU.ActiveCfg = Debug|Any CPU
		{48714FD3-E87A-4A49-B8FB-2644BD1C577B}.Debug|Any CPU.Build.0 = Debug|Any CPU
		{48714FD3-E87A-4A49-B8FB-2644BD1C577B}.Release|Any CPU.ActiveCfg = Release|Any CPU
		{48714FD3-E87A-4A49-B8FB-2644BD1C577B}.Release|Any CPU.Build.0 = Release|Any CPU
		{81CB1C81-A802-4E10-9424-BBAAEAE3A1F3}.Debug|Any CPU.ActiveCfg = Debug|Any CPU
		{81CB1C81-A802-4E10-9424-BBAAEAE3A1F3}.Debug|Any CPU.Build.0 = Debug|Any CPU
		{81CB1C81-A802-4E10-9424-BBAAEAE3A1F3}.Release|Any CPU.ActiveCfg = Release|Any CPU
		{81CB1C81-A802-4E10-9424-BBAAEAE3A1F3}.Release|Any CPU.Build.0 = Release|Any CPU
		{05E061CC-54D7-4B30-B933-F8F54D18BA0B}.Debug|Any CPU.ActiveCfg = Debug|Any CPU
		{05E061CC-54D7-4B30-B933-F8F54D18BA0B}.Debug|Any CPU.Build.0 = Debug|Any CPU
		{05E061CC-54D7-4B30-B933-F8F54D18BA0B}.Release|Any CPU.ActiveCfg = Release|Any CPU
		{05E061CC-54D7-4B30-B933-F8F54D18BA0B}.Release|Any CPU.Build.0 = Release|Any CPU
		{363AE9F6-4CCE-460A-8D86-6A958DDEECD1}.Debug|Any CPU.ActiveCfg = Debug|Any CPU
		{363AE9F6-4CCE-460A-8D86-6A958DDEECD1}.Debug|Any CPU.Build.0 = Debug|Any CPU
		{363AE9F6-4CCE-460A-8D86-6A958DDEECD1}.Release|Any CPU.ActiveCfg = Release|Any CPU
		{363AE9F6-4CCE-460A-8D86-6A958DDEECD1}.Release|Any CPU.Build.0 = Release|Any CPU
		{F8281CC1-9DA4-4FEC-A9A8-469C209C559C}.Debug|Any CPU.ActiveCfg = Debug|Any CPU
		{F8281CC1-9DA4-4FEC-A9A8-469C209C559C}.Debug|Any CPU.Build.0 = Debug|Any CPU
		{F8281CC1-9DA4-4FEC-A9A8-469C209C559C}.Release|Any CPU.ActiveCfg = Release|Any CPU
		{F8281CC1-9DA4-4FEC-A9A8-469C209C559C}.Release|Any CPU.Build.0 = Release|Any CPU
		{11A18A49-E46C-4C19-BCC1-C1BC513930C4}.Debug|Any CPU.ActiveCfg = Debug|Any CPU
		{11A18A49-E46C-4C19-BCC1-C1BC513930C4}.Debug|Any CPU.Build.0 = Debug|Any CPU
		{11A18A49-E46C-4C19-BCC1-C1BC513930C4}.Release|Any CPU.ActiveCfg = Release|Any CPU
		{11A18A49-E46C-4C19-BCC1-C1BC513930C4}.Release|Any CPU.Build.0 = Release|Any CPU
	EndGlobalSection
	GlobalSection(SolutionProperties) = preSolution
		HideSolutionNode = FALSE
	EndGlobalSection
EndGlobal
